
Microsoft Visual Studio Solution File, Format Version 12.00
# Visual Studio Version 17
VisualStudioVersion = 17.2.32630.192
MinimumVisualStudioVersion = 10.0.40219.1
Project("{9A19103F-16F7-4668-BE54-9A1E7A4F7556}") = "WebApplication5", "WebApplication5\WebApplication5.csproj", "{C8C19EA1-BD2F-4E31-A975-6771700B8E6E}"
EndProject
Project("{9A19103F-16F7-4668-BE54-9A1E7A4F7556}") = "GodBot", "GodBot\GodBot.csproj", "{E006E7F8-2951-45B9-BB7D-2C2085B1A70F}"
EndProject
Global
	GlobalSection(SolutionConfigurationPlatforms) = preSolution
		Debug|Any CPU = Debug|Any CPU
		Release|Any CPU = Release|Any CPU
	EndGlobalSection
	GlobalSection(ProjectConfigurationPlatforms) = postSolution
		{C8C19EA1-BD2F-4E31-A975-6771700B8E6E}.Debug|Any CPU.ActiveCfg = Debug|Any CPU
		{C8C19EA1-BD2F-4E31-A975-6771700B8E6E}.Debug|Any CPU.Build.0 = Debug|Any CPU
		{C8C19EA1-BD2F-4E31-A975-6771700B8E6E}.Release|Any CPU.ActiveCfg = Release|Any CPU
		{C8C19EA1-BD2F-4E31-A975-6771700B8E6E}.Release|Any CPU.Build.0 = Release|Any CPU
		{E006E7F8-2951-45B9-BB7D-2C2085B1A70F}.Debug|Any CPU.ActiveCfg = Debug|Any CPU
		{E006E7F8-2951-45B9-BB7D-2C2085B1A70F}.Debug|Any CPU.Build.0 = Debug|Any CPU
		{E006E7F8-2951-45B9-BB7D-2C2085B1A70F}.Release|Any CPU.ActiveCfg = Release|Any CPU
		{E006E7F8-2951-45B9-BB7D-2C2085B1A70F}.Release|Any CPU.Build.0 = Release|Any CPU
	EndGlobalSection
	GlobalSection(SolutionProperties) = preSolution
		HideSolutionNode = FALSE
	EndGlobalSection
	GlobalSection(ExtensibilityGlobals) = postSolution
		SolutionGuid = {66D7CFA4-B318-4ECD-85E5-CF75289357CB}
	EndGlobalSection
EndGlobal
